// !$*UTF8*$!
{
	archiveVersion = 1;
	classes = {
	};
	objectVersion = 56;
	objects = {

/* Begin PBXBuildFile section */
		183E91332B34633900DEEF3A /* AppDelegate.swift in Sources */ = {isa = PBXBuildFile; fileRef = 183E91322B34633900DEEF3A /* AppDelegate.swift */; };
		183E91352B34633900DEEF3A /* SceneDelegate.swift in Sources */ = {isa = PBXBuildFile; fileRef = 183E91342B34633900DEEF3A /* SceneDelegate.swift */; };
		183E91372B34633900DEEF3A /* CategoryViewController.swift in Sources */ = {isa = PBXBuildFile; fileRef = 183E91362B34633900DEEF3A /* CategoryViewController.swift */; };
		183E913A2B34633900DEEF3A /* Main.storyboard in Resources */ = {isa = PBXBuildFile; fileRef = 183E91382B34633900DEEF3A /* Main.storyboard */; };
		183E913C2B34634500DEEF3A /* Assets.xcassets in Resources */ = {isa = PBXBuildFile; fileRef = 183E913B2B34634500DEEF3A /* Assets.xcassets */; };
		183E913F2B34634500DEEF3A /* LaunchScreen.storyboard in Resources */ = {isa = PBXBuildFile; fileRef = 183E913D2B34634500DEEF3A /* LaunchScreen.storyboard */; };
		183E914B2B34A67000DEEF3A /* CalcViewController.swift in Sources */ = {isa = PBXBuildFile; fileRef = 183E914A2B34A67000DEEF3A /* CalcViewController.swift */; };
		183E914E2B34BB9D00DEEF3A /* Value.swift in Sources */ = {isa = PBXBuildFile; fileRef = 183E914D2B34BB9D00DEEF3A /* Value.swift */; };
/* End PBXBuildFile section */

/* Begin PBXFileReference section */
		183E912F2B34633900DEEF3A /* ABV.app */ = {isa = PBXFileReference; explicitFileType = wrapper.application; includeInIndex = 0; path = ABV.app; sourceTree = BUILT_PRODUCTS_DIR; };
		183E91322B34633900DEEF3A /* AppDelegate.swift */ = {isa = PBXFileReference; lastKnownFileType = sourcecode.swift; path = AppDelegate.swift; sourceTree = "<group>"; };
		183E91342B34633900DEEF3A /* SceneDelegate.swift */ = {isa = PBXFileReference; lastKnownFileType = sourcecode.swift; path = SceneDelegate.swift; sourceTree = "<group>"; };
		183E91362B34633900DEEF3A /* CategoryViewController.swift */ = {isa = PBXFileReference; lastKnownFileType = sourcecode.swift; path = CategoryViewController.swift; sourceTree = "<group>"; };
		183E91392B34633900DEEF3A /* Base */ = {isa = PBXFileReference; lastKnownFileType = file.storyboard; name = Base; path = Base.lproj/Main.storyboard; sourceTree = "<group>"; };
		183E913B2B34634500DEEF3A /* Assets.xcassets */ = {isa = PBXFileReference; lastKnownFileType = folder.assetcatalog; path = Assets.xcassets; sourceTree = "<group>"; };
		183E913E2B34634500DEEF3A /* Base */ = {isa = PBXFileReference; lastKnownFileType = file.storyboard; name = Base; path = Base.lproj/LaunchScreen.storyboard; sourceTree = "<group>"; };
		183E91402B34634500DEEF3A /* Info.plist */ = {isa = PBXFileReference; lastKnownFileType = text.plist.xml; path = Info.plist; sourceTree = "<group>"; };
		183E914A2B34A67000DEEF3A /* CalcViewController.swift */ = {isa = PBXFileReference; lastKnownFileType = sourcecode.swift; path = CalcViewController.swift; sourceTree = "<group>"; };
		183E914D2B34BB9D00DEEF3A /* Value.swift */ = {isa = PBXFileReference; lastKnownFileType = sourcecode.swift; path = Value.swift; sourceTree = "<group>"; };
/* End PBXFileReference section */

/* Begin PBXFrameworksBuildPhase section */
		183E912C2B34633900DEEF3A /* Frameworks */ = {
			isa = PBXFrameworksBuildPhase;
			buildActionMask = 2147483647;
			files = (
			);
			runOnlyForDeploymentPostprocessing = 0;
		};
/* End PBXFrameworksBuildPhase section */

/* Begin PBXGroup section */
		183E91262B34633900DEEF3A = {
			isa = PBXGroup;
			children = (
				183E91312B34633900DEEF3A /* ABV */,
				183E913B2B34634500DEEF3A /* Assets.xcassets */,
				183E91302B34633900DEEF3A /* Products */,
			);
			sourceTree = "<group>";
		};
		183E91302B34633900DEEF3A /* Products */ = {
			isa = PBXGroup;
			children = (
				183E912F2B34633900DEEF3A /* ABV.app */,
			);
			name = Products;
			sourceTree = "<group>";
		};
		183E91312B34633900DEEF3A /* ABV */ = {
			isa = PBXGroup;
			children = (
				183E914C2B34BB7200DEEF3A /* View Controllers */,
				183E914F2B34BBA300DEEF3A /* Models */,
				183E91482B34981300DEEF3A /* Config */,
				183E91492B3498EA00DEEF3A /* Storyboards */,
			);
			path = ABV;
			sourceTree = "<group>";
		};
		183E91482B34981300DEEF3A /* Config */ = {
			isa = PBXGroup;
			children = (
				183E91322B34633900DEEF3A /* AppDelegate.swift */,
				183E91342B34633900DEEF3A /* SceneDelegate.swift */,
				183E91402B34634500DEEF3A /* Info.plist */,
			);
			path = Config;
			sourceTree = "<group>";
		};
		183E91492B3498EA00DEEF3A /* Storyboards */ = {
			isa = PBXGroup;
			children = (
				183E91382B34633900DEEF3A /* Main.storyboard */,
				183E913D2B34634500DEEF3A /* LaunchScreen.storyboard */,
			);
			path = Storyboards;
			sourceTree = "<group>";
		};
		183E914C2B34BB7200DEEF3A /* View Controllers */ = {
			isa = PBXGroup;
			children = (
				183E91362B34633900DEEF3A /* CategoryViewController.swift */,
				183E914A2B34A67000DEEF3A /* CalcViewController.swift */,
			);
			path = "View Controllers";
			sourceTree = "<group>";
		};
		183E914F2B34BBA300DEEF3A /* Models */ = {
			isa = PBXGroup;
			children = (
				183E914D2B34BB9D00DEEF3A /* Value.swift */,
			);
			path = Models;
			sourceTree = "<group>";
		};
/* End PBXGroup section */

/* Begin PBXNativeTarget section */
		183E912E2B34633900DEEF3A /* ABV */ = {
			isa = PBXNativeTarget;
			buildConfigurationList = 183E91432B34634500DEEF3A /* Build configuration list for PBXNativeTarget "ABV" */;
			buildPhases = (
				183E912B2B34633900DEEF3A /* Sources */,
				183E912C2B34633900DEEF3A /* Frameworks */,
				183E912D2B34633900DEEF3A /* Resources */,
			);
			buildRules = (
			);
			dependencies = (
			);
			name = ABV;
			productName = ABV;
			productReference = 183E912F2B34633900DEEF3A /* ABV.app */;
			productType = "com.apple.product-type.application";
		};
/* End PBXNativeTarget section */

/* Begin PBXProject section */
		183E91272B34633900DEEF3A /* Project object */ = {
			isa = PBXProject;
			attributes = {
				BuildIndependentTargetsInParallel = 1;
				LastSwiftUpdateCheck = 1500;
				LastUpgradeCheck = 1500;
				TargetAttributes = {
					183E912E2B34633900DEEF3A = {
						CreatedOnToolsVersion = 15.0.1;
					};
				};
			};
			buildConfigurationList = 183E912A2B34633900DEEF3A /* Build configuration list for PBXProject "ABV" */;
			compatibilityVersion = "Xcode 14.0";
			developmentRegion = en;
			hasScannedForEncodings = 0;
			knownRegions = (
				en,
				Base,
			);
			mainGroup = 183E91262B34633900DEEF3A;
			productRefGroup = 183E91302B34633900DEEF3A /* Products */;
			projectDirPath = "";
			projectRoot = "";
			targets = (
				183E912E2B34633900DEEF3A /* ABV */,
			);
		};
/* End PBXProject section */

/* Begin PBXResourcesBuildPhase section */
		183E912D2B34633900DEEF3A /* Resources */ = {
			isa = PBXResourcesBuildPhase;
			buildActionMask = 2147483647;
			files = (
				183E913F2B34634500DEEF3A /* LaunchScreen.storyboard in Resources */,
				183E913C2B34634500DEEF3A /* Assets.xcassets in Resources */,
				183E913A2B34633900DEEF3A /* Main.storyboard in Resources */,
			);
			runOnlyForDeploymentPostprocessing = 0;
		};
/* End PBXResourcesBuildPhase section */

/* Begin PBXSourcesBuildPhase section */
		183E912B2B34633900DEEF3A /* Sources */ = {
			isa = PBXSourcesBuildPhase;
			buildActionMask = 2147483647;
			files = (
				183E91372B34633900DEEF3A /* CategoryViewController.swift in Sources */,
				183E91332B34633900DEEF3A /* AppDelegate.swift in Sources */,
				183E914E2B34BB9D00DEEF3A /* Value.swift in Sources */,
				183E914B2B34A67000DEEF3A /* CalcViewController.swift in Sources */,
				183E91352B34633900DEEF3A /* SceneDelegate.swift in Sources */,
			);
			runOnlyForDeploymentPostprocessing = 0;
		};
/* End PBXSourcesBuildPhase section */

/* Begin PBXVariantGroup section */
		183E91382B34633900DEEF3A /* Main.storyboard */ = {
			isa = PBXVariantGroup;
			children = (
				183E91392B34633900DEEF3A /* Base */,
			);
			name = Main.storyboard;
			sourceTree = "<group>";
		};
		183E913D2B34634500DEEF3A /* LaunchScreen.storyboard */ = {
			isa = PBXVariantGroup;
			children = (
				183E913E2B34634500DEEF3A /* Base */,
			);
			name = LaunchScreen.storyboard;
			sourceTree = "<group>";
		};
/* End PBXVariantGroup section */

/* Begin XCBuildConfiguration section */
		183E91412B34634500DEEF3A /* Debug */ = {
			isa = XCBuildConfiguration;
			buildSettings = {
				ALWAYS_SEARCH_USER_PATHS = NO;
				ASSETCATALOG_COMPILER_GENERATE_SWIFT_ASSET_SYMBOL_EXTENSIONS = YES;
				CLANG_ANALYZER_NONNULL = YES;
				CLANG_ANALYZER_NUMBER_OBJECT_CONVERSION = YES_AGGRESSIVE;
				CLANG_CXX_LANGUAGE_STANDARD = "gnu++20";
				CLANG_ENABLE_MODULES = YES;
				CLANG_ENABLE_OBJC_ARC = YES;
				CLANG_ENABLE_OBJC_WEAK = YES;
				CLANG_WARN_BLOCK_CAPTURE_AUTORELEASING = YES;
				CLANG_WARN_BOOL_CONVERSION = YES;
				CLANG_WARN_COMMA = YES;
				CLANG_WARN_CONSTANT_CONVERSION = YES;
				CLANG_WARN_DEPRECATED_OBJC_IMPLEMENTATIONS = YES;
				CLANG_WARN_DIRECT_OBJC_ISA_USAGE = YES_ERROR;
				CLANG_WARN_DOCUMENTATION_COMMENTS = YES;
				CLANG_WARN_EMPTY_BODY = YES;
				CLANG_WARN_ENUM_CONVERSION = YES;
				CLANG_WARN_INFINITE_RECURSION = YES;
				CLANG_WARN_INT_CONVERSION = YES;
				CLANG_WARN_NON_LITERAL_NULL_CONVERSION = YES;
				CLANG_WARN_OBJC_IMPLICIT_RETAIN_SELF = YES;
				CLANG_WARN_OBJC_LITERAL_CONVERSION = YES;
				CLANG_WARN_OBJC_ROOT_CLASS = YES_ERROR;
				CLANG_WARN_QUOTED_INCLUDE_IN_FRAMEWORK_HEADER = YES;
				CLANG_WARN_RANGE_LOOP_ANALYSIS = YES;
				CLANG_WARN_STRICT_PROTOTYPES = YES;
				CLANG_WARN_SUSPICIOUS_MOVE = YES;
				CLANG_WARN_UNGUARDED_AVAILABILITY = YES_AGGRESSIVE;
				CLANG_WARN_UNREACHABLE_CODE = YES;
				CLANG_WARN__DUPLICATE_METHOD_MATCH = YES;
				COPY_PHASE_STRIP = NO;
				DEBUG_INFORMATION_FORMAT = dwarf;
				ENABLE_STRICT_OBJC_MSGSEND = YES;
				ENABLE_TESTABILITY = YES;
				ENABLE_USER_SCRIPT_SANDBOXING = YES;
				GCC_C_LANGUAGE_STANDARD = gnu17;
				GCC_DYNAMIC_NO_PIC = NO;
				GCC_NO_COMMON_BLOCKS = YES;
				GCC_OPTIMIZATION_LEVEL = 0;
				GCC_PREPROCESSOR_DEFINITIONS = (
					"DEBUG=1",
					"$(inherited)",
				);
				GCC_WARN_64_TO_32_BIT_CONVERSION = YES;
				GCC_WARN_ABOUT_RETURN_TYPE = YES_ERROR;
				GCC_WARN_UNDECLARED_SELECTOR = YES;
				GCC_WARN_UNINITIALIZED_AUTOS = YES_AGGRESSIVE;
				GCC_WARN_UNUSED_FUNCTION = YES;
				GCC_WARN_UNUSED_VARIABLE = YES;
				IPHONEOS_DEPLOYMENT_TARGET = 17.0;
				LOCALIZATION_PREFERS_STRING_CATALOGS = YES;
				MTL_ENABLE_DEBUG_INFO = INCLUDE_SOURCE;
				MTL_FAST_MATH = YES;
				ONLY_ACTIVE_ARCH = YES;
				SDKROOT = iphoneos;
				SWIFT_ACTIVE_COMPILATION_CONDITIONS = "DEBUG $(inherited)";
				SWIFT_OPTIMIZATION_LEVEL = "-Onone";
			};
			name = Debug;
		};
		183E91422B34634500DEEF3A /* Release */ = {
			isa = XCBuildConfiguration;
			buildSettings = {
				ALWAYS_SEARCH_USER_PATHS = NO;
				ASSETCATALOG_COMPILER_GENERATE_SWIFT_ASSET_SYMBOL_EXTENSIONS = YES;
				CLANG_ANALYZER_NONNULL = YES;
				CLANG_ANALYZER_NUMBER_OBJECT_CONVERSION = YES_AGGRESSIVE;
				CLANG_CXX_LANGUAGE_STANDARD = "gnu++20";
				CLANG_ENABLE_MODULES = YES;
				CLANG_ENABLE_OBJC_ARC = YES;
				CLANG_ENABLE_OBJC_WEAK = YES;
				CLANG_WARN_BLOCK_CAPTURE_AUTORELEASING = YES;
				CLANG_WARN_BOOL_CONVERSION = YES;
				CLANG_WARN_COMMA = YES;
				CLANG_WARN_CONSTANT_CONVERSION = YES;
				CLANG_WARN_DEPRECATED_OBJC_IMPLEMENTATIONS = YES;
				CLANG_WARN_DIRECT_OBJC_ISA_USAGE = YES_ERROR;
				CLANG_WARN_DOCUMENTATION_COMMENTS = YES;
				CLANG_WARN_EMPTY_BODY = YES;
				CLANG_WARN_ENUM_CONVERSION = YES;
				CLANG_WARN_INFINITE_RECURSION = YES;
				CLANG_WARN_INT_CONVERSION = YES;
				CLANG_WARN_NON_LITERAL_NULL_CONVERSION = YES;
				CLANG_WARN_OBJC_IMPLICIT_RETAIN_SELF = YES;
				CLANG_WARN_OBJC_LITERAL_CONVERSION = YES;
				CLANG_WARN_OBJC_ROOT_CLASS = YES_ERROR;
				CLANG_WARN_QUOTED_INCLUDE_IN_FRAMEWORK_HEADER = YES;
				CLANG_WARN_RANGE_LOOP_ANALYSIS = YES;
				CLANG_WARN_STRICT_PROTOTYPES = YES;
				CLANG_WARN_SUSPICIOUS_MOVE = YES;
				CLANG_WARN_UNGUARDED_AVAILABILITY = YES_AGGRESSIVE;
				CLANG_WARN_UNREACHABLE_CODE = YES;
				CLANG_WARN__DUPLICATE_METHOD_MATCH = YES;
				COPY_PHASE_STRIP = NO;
				DEBUG_INFORMATION_FORMAT = "dwarf-with-dsym";
				ENABLE_NS_ASSERTIONS = NO;
				ENABLE_STRICT_OBJC_MSGSEND = YES;
				ENABLE_USER_SCRIPT_SANDBOXING = YES;
				GCC_C_LANGUAGE_STANDARD = gnu17;
				GCC_NO_COMMON_BLOCKS = YES;
				GCC_WARN_64_TO_32_BIT_CONVERSION = YES;
				GCC_WARN_ABOUT_RETURN_TYPE = YES_ERROR;
				GCC_WARN_UNDECLARED_SELECTOR = YES;
				GCC_WARN_UNINITIALIZED_AUTOS = YES_AGGRESSIVE;
				GCC_WARN_UNUSED_FUNCTION = YES;
				GCC_WARN_UNUSED_VARIABLE = YES;
				IPHONEOS_DEPLOYMENT_TARGET = 17.0;
				LOCALIZATION_PREFERS_STRING_CATALOGS = YES;
				MTL_ENABLE_DEBUG_INFO = NO;
				MTL_FAST_MATH = YES;
				SDKROOT = iphoneos;
				SWIFT_COMPILATION_MODE = wholemodule;
				VALIDATE_PRODUCT = YES;
			};
			name = Release;
		};
		183E91442B34634500DEEF3A /* Debug */ = {
			isa = XCBuildConfiguration;
			buildSettings = {
				ASSETCATALOG_COMPILER_APPICON_NAME = AppIcon;
				ASSETCATALOG_COMPILER_GLOBAL_ACCENT_COLOR_NAME = AccentColor;
				CODE_SIGN_STYLE = Automatic;
				CURRENT_PROJECT_VERSION = 1;
				DEVELOPMENT_TEAM = MF7QC2JX3N;
				GENERATE_INFOPLIST_FILE = YES;
				INFOPLIST_FILE = ABV/Config/Info.plist;
				INFOPLIST_KEY_UIApplicationSupportsIndirectInputEvents = YES;
				INFOPLIST_KEY_UILaunchStoryboardName = LaunchScreen;
				INFOPLIST_KEY_UIMainStoryboardFile = Main;
				INFOPLIST_KEY_UISupportedInterfaceOrientations = UIInterfaceOrientationPortrait;
				INFOPLIST_KEY_UISupportedInterfaceOrientations_iPad = "UIInterfaceOrientationLandscapeLeft UIInterfaceOrientationLandscapeRight UIInterfaceOrientationPortrait UIInterfaceOrientationPortraitUpsideDown";
				LD_RUNPATH_SEARCH_PATHS = (
					"$(inherited)",
					"@executable_path/Frameworks",
				);
				MARKETING_VERSION = 1.0;
				PRODUCT_BUNDLE_IDENTIFIER = ru.vsdiscoveries.ABV;
				PRODUCT_NAME = "$(TARGET_NAME)";
				SUPPORTED_PLATFORMS = "iphoneos iphonesimulator";
				SUPPORTS_MACCATALYST = NO;
				SUPPORTS_MAC_DESIGNED_FOR_IPHONE_IPAD = NO;
				SWIFT_EMIT_LOC_STRINGS = YES;
				SWIFT_VERSION = 5.0;
				TARGETED_DEVICE_FAMILY = 1;
			};
			name = Debug;
		};
		183E91452B34634500DEEF3A /* Release */ = {
			isa = XCBuildConfiguration;
			buildSettings = {
				ASSETCATALOG_COMPILER_APPICON_NAME = AppIcon;
				ASSETCATALOG_COMPILER_GLOBAL_ACCENT_COLOR_NAME = AccentColor;
				CODE_SIGN_STYLE = Automatic;
				CURRENT_PROJECT_VERSION = 1;
				DEVELOPMENT_TEAM = MF7QC2JX3N;
				GENERATE_INFOPLIST_FILE = YES;
				INFOPLIST_FILE = ABV/Config/Info.plist;
				INFOPLIST_KEY_UIApplicationSupportsIndirectInputEvents = YES;
				INFOPLIST_KEY_UILaunchStoryboardName = LaunchScreen;
				INFOPLIST_KEY_UIMainStoryboardFile = Main;
				INFOPLIST_KEY_UISupportedInterfaceOrientations = UIInterfaceOrientationPortrait;
				INFOPLIST_KEY_UISupportedInterfaceOrientations_iPad = "UIInterfaceOrientationLandscapeLeft UIInterfaceOrientationLandscapeRight UIInterfaceOrientationPortrait UIInterfaceOrientationPortraitUpsideDown";
				LD_RUNPATH_SEARCH_PATHS = (
					"$(inherited)",
					"@executable_path/Frameworks",
				);
				MARKETING_VERSION = 1.0;
				PRODUCT_BUNDLE_IDENTIFIER = ru.vsdiscoveries.ABV;
				PRODUCT_NAME = "$(TARGET_NAME)";
				SUPPORTED_PLATFORMS = "iphoneos iphonesimulator";
				SUPPORTS_MACCATALYST = NO;
				SUPPORTS_MAC_DESIGNED_FOR_IPHONE_IPAD = NO;
				SWIFT_EMIT_LOC_STRINGS = YES;
				SWIFT_VERSION = 5.0;
				TARGETED_DEVICE_FAMILY = 1;
			};
			name = Release;
		};
/* End XCBuildConfiguration section */

/* Begin XCConfigurationList section */
		183E912A2B34633900DEEF3A /* Build configuration list for PBXProject "ABV" */ = {
			isa = XCConfigurationList;
			buildConfigurations = (
				183E91412B34634500DEEF3A /* Debug */,
				183E91422B34634500DEEF3A /* Release */,
			);
			defaultConfigurationIsVisible = 0;
			defaultConfigurationName = Release;
		};
		183E91432B34634500DEEF3A /* Build configuration list for PBXNativeTarget "ABV" */ = {
			isa = XCConfigurationList;
			buildConfigurations = (
				183E91442B34634500DEEF3A /* Debug */,
				183E91452B34634500DEEF3A /* Release */,
			);
			defaultConfigurationIsVisible = 0;
			defaultConfigurationName = Release;
		};
/* End XCConfigurationList section */
	};
	rootObject = 183E91272B34633900DEEF3A /* Project object */;
}
